
Microsoft Visual Studio Solution File, Format Version 12.00
# Visual Studio Version 16
VisualStudioVersion = 16.0.30413.136
MinimumVisualStudioVersion = 10.0.40219.1
Project("{FAE04EC0-301F-11D3-BF4B-00C04F79EFBC}") = "WPF Game", "WPF Game.csproj", "{06E33ACC-25F6-4490-86C2-7FD06FA9C671}"
EndProject
Global
	GlobalSection(SolutionConfigurationPlatforms) = preSolution
		Debug|Any CPU = Debug|Any CPU
		Release|Any CPU = Release|Any CPU
	EndGlobalSection
	GlobalSection(ProjectConfigurationPlatforms) = postSolution
		{06E33ACC-25F6-4490-86C2-7FD06FA9C671}.Debug|Any CPU.ActiveCfg = Debug|Any CPU
		{06E33ACC-25F6-4490-86C2-7FD06FA9C671}.Debug|Any CPU.Build.0 = Debug|Any CPU
		{06E33ACC-25F6-4490-86C2-7FD06FA9C671}.Release|Any CPU.ActiveCfg = Release|Any CPU
		{06E33ACC-25F6-4490-86C2-7FD06FA9C671}.Release|Any CPU.Build.0 = Release|Any CPU
	EndGlobalSection
	GlobalSection(SolutionProperties) = preSolution
		HideSolutionNode = FALSE
	EndGlobalSection
	GlobalSection(ExtensibilityGlobals) = postSolution
		SolutionGuid = {D715A0FC-27C1-4C54-AE6D-65C61EA3BF74}
	EndGlobalSection
EndGlobal
